
Microsoft Visual Studio Solution File, Format Version 12.00
# Visual Studio Version 17
VisualStudioVersion = 17.7.34221.43
MinimumVisualStudioVersion = 10.0.40219.1
Project("{FAE04EC0-301F-11D3-BF4B-00C04F79EFBC}") = "GameService", "GameService\GameService.csproj", "{92B0D4CB-6548-42C8-ACC7-8643CEF5368C}"
EndProject
Global
	GlobalSection(SolutionConfigurationPlatforms) = preSolution
		Debug|Any CPU = Debug|Any CPU
		Release|Any CPU = Release|Any CPU
	EndGlobalSection
	GlobalSection(ProjectConfigurationPlatforms) = postSolution
		{92B0D4CB-6548-42C8-ACC7-8643CEF5368C}.Debug|Any CPU.ActiveCfg = Debug|Any CPU
		{92B0D4CB-6548-42C8-ACC7-8643CEF5368C}.Debug|Any CPU.Build.0 = Debug|Any CPU
		{92B0D4CB-6548-42C8-ACC7-8643CEF5368C}.Release|Any CPU.ActiveCfg = Release|Any CPU
		{92B0D4CB-6548-42C8-ACC7-8643CEF5368C}.Release|Any CPU.Build.0 = Release|Any CPU
	EndGlobalSection
	GlobalSection(SolutionProperties) = preSolution
		HideSolutionNode = FALSE
	EndGlobalSection
	GlobalSection(ExtensibilityGlobals) = postSolution
		SolutionGuid = {86569242-EA5D-4B15-97B2-0B7828BA267E}
	EndGlobalSection
EndGlobal
